{
  "nodes": {
    "nixpkgs": {
      "locked": {
        "lastModified": 0,
        "narHash": "sha256-wosVpCUPbMXS683KtI+5Mv4znD80JcR9gglblYO2pfc=",
        "path": "/nix/store/cvp5pgxhxapa17y16zryzv3xa9pzd8wb-source",
        "type": "path"
      },
      "original": {
        "id": "nixpkgs",
        "type": "indirect"
      }
    },
    "root": {
      "inputs": {
        "nixpkgs": "nixpkgs"
      }
    }
  },
  "root": "root",
  "version": 7
}
